
Microsoft Visual Studio Solution File, Format Version 12.00
# Visual Studio Version 17
VisualStudioVersion = 17.14.37516.0 d17.14
MinimumVisualStudioVersion = 10.0.40219.1
Project("{FAE04EC0-301F-11D3-BF4B-00C04F79EFBC}") = "HomeWork5", "HomeWork5.csproj", "{2A5B80DD-910D-439D-8E4C-F8165DE3F460}"
EndProject
Global
	GlobalSection(SolutionConfigurationPlatforms) = preSolution
		Debug|Any CPU = Debug|Any CPU
		Release|Any CPU = Release|Any CPU
	EndGlobalSection
	GlobalSection(ProjectConfigurationPlatforms) = postSolution
		{2A5B80DD-910D-439D-8E4C-F8165DE3F460}.Debug|Any CPU.ActiveCfg = Debug|Any CPU
		{2A5B80DD-910D-439D-8E4C-F8165DE3F460}.Debug|Any CPU.Build.0 = Debug|Any CPU
		{2A5B80DD-910D-439D-8E4C-F8165DE3F460}.Release|Any CPU.ActiveCfg = Release|Any CPU
		{2A5B80DD-910D-439D-8E4C-F8165DE3F460}.Release|Any CPU.Build.0 = Release|Any CPU
	EndGlobalSection
	GlobalSection(SolutionProperties) = preSolution
		HideSolutionNode = FALSE
	EndGlobalSection
	GlobalSection(ExtensibilityGlobals) = postSolution
		SolutionGuid = {8ED0405D-C84F-4D88-BDFD-CB3BA64BBCC3}
	EndGlobalSection
EndGlobal
